
Microsoft Visual Studio Solution File, Format Version 12.00
# Visual Studio Version 17
VisualStudioVersion = 17.4.33213.308
MinimumVisualStudioVersion = 10.0.40219.1
Project("{FAE04EC0-301F-11D3-BF4B-00C04F79EFBC}") = "lotto_pick", "lotto_pick\lotto_pick.csproj", "{56B05BE1-5E28-4CBE-9D08-2274E523F111}"
EndProject
Project("{2150E333-8FDC-42A3-9474-1A3956D46DE8}") = "솔루션 항목", "솔루션 항목", "{3F89B661-5E71-4FA9-86B7-0F6E561EEE3B}"
	ProjectSection(SolutionItems) = preProject
		lotto.c = lotto.c
	EndProjectSection
EndProject
Global
	GlobalSection(SolutionConfigurationPlatforms) = preSolution
		Debug|Any CPU = Debug|Any CPU
		Release|Any CPU = Release|Any CPU
	EndGlobalSection
	GlobalSection(ProjectConfigurationPlatforms) = postSolution
		{56B05BE1-5E28-4CBE-9D08-2274E523F111}.Debug|Any CPU.ActiveCfg = Debug|Any CPU
		{56B05BE1-5E28-4CBE-9D08-2274E523F111}.Debug|Any CPU.Build.0 = Debug|Any CPU
		{56B05BE1-5E28-4CBE-9D08-2274E523F111}.Release|Any CPU.ActiveCfg = Release|Any CPU
		{56B05BE1-5E28-4CBE-9D08-2274E523F111}.Release|Any CPU.Build.0 = Release|Any CPU
	EndGlobalSection
	GlobalSection(SolutionProperties) = preSolution
		HideSolutionNode = FALSE
	EndGlobalSection
	GlobalSection(ExtensibilityGlobals) = postSolution
		SolutionGuid = {9E310990-2EAF-4444-878A-9E232FC18842}
	EndGlobalSection
EndGlobal
